
Microsoft Visual Studio Solution File, Format Version 12.00
# Visual Studio Version 17
VisualStudioVersion = 17.5.002.0
MinimumVisualStudioVersion = 10.0.40219.1
Project("{9A19103F-16F7-4668-BE54-9A1E7A4F7556}") = "pluginBase", "src_pluginBase\pluginBase.csproj", "{BAC1A97B-51D7-446D-B258-E52D40550E54}"
EndProject
Project("{9A19103F-16F7-4668-BE54-9A1E7A4F7556}") = "hostsvc-position", "src\hostsvc-position.csproj", "{73908D5B-32FA-44F8-BCC7-D417C1B25C68}"
EndProject
Project("{2150E333-8FDC-42A3-9474-1A3956D46DE8}") = "test", "test", "{3777D5E9-A8E9-40FB-9755-C2C3F232A445}"
EndProject
Project("{9A19103F-16F7-4668-BE54-9A1E7A4F7556}") = "debugClient", "test\debugClient\debugClient.csproj", "{0CA07601-B9F2-43FE-8AD3-3A26E455847D}"
EndProject
Project("{9A19103F-16F7-4668-BE54-9A1E7A4F7556}") = "integrationTests", "test\integrationTests\integrationTests.csproj", "{F6C8EB86-BAC6-48EB-B4FF-146AAA24ECBF}"
EndProject
Project("{9A19103F-16F7-4668-BE54-9A1E7A4F7556}") = "integrationTestPlugin", "test\integrationTestPlugin\integrationTestPlugin.csproj", "{4DA3340E-81EF-42AC-9A2C-D5AA0BDD0894}"
EndProject
Global
	GlobalSection(SolutionConfigurationPlatforms) = preSolution
		Debug|Any CPU = Debug|Any CPU
		Release|Any CPU = Release|Any CPU
	EndGlobalSection
	GlobalSection(ProjectConfigurationPlatforms) = postSolution
		{BAC1A97B-51D7-446D-B258-E52D40550E54}.Debug|Any CPU.ActiveCfg = Debug|Any CPU
		{BAC1A97B-51D7-446D-B258-E52D40550E54}.Debug|Any CPU.Build.0 = Debug|Any CPU
		{BAC1A97B-51D7-446D-B258-E52D40550E54}.Release|Any CPU.ActiveCfg = Release|Any CPU
		{BAC1A97B-51D7-446D-B258-E52D40550E54}.Release|Any CPU.Build.0 = Release|Any CPU
		{73908D5B-32FA-44F8-BCC7-D417C1B25C68}.Debug|Any CPU.ActiveCfg = Debug|Any CPU
		{73908D5B-32FA-44F8-BCC7-D417C1B25C68}.Debug|Any CPU.Build.0 = Debug|Any CPU
		{73908D5B-32FA-44F8-BCC7-D417C1B25C68}.Release|Any CPU.ActiveCfg = Release|Any CPU
		{73908D5B-32FA-44F8-BCC7-D417C1B25C68}.Release|Any CPU.Build.0 = Release|Any CPU
		{0CA07601-B9F2-43FE-8AD3-3A26E455847D}.Debug|Any CPU.ActiveCfg = Debug|Any CPU
		{0CA07601-B9F2-43FE-8AD3-3A26E455847D}.Debug|Any CPU.Build.0 = Debug|Any CPU
		{0CA07601-B9F2-43FE-8AD3-3A26E455847D}.Release|Any CPU.ActiveCfg = Release|Any CPU
		{0CA07601-B9F2-43FE-8AD3-3A26E455847D}.Release|Any CPU.Build.0 = Release|Any CPU
		{F6C8EB86-BAC6-48EB-B4FF-146AAA24ECBF}.Debug|Any CPU.ActiveCfg = Debug|Any CPU
		{F6C8EB86-BAC6-48EB-B4FF-146AAA24ECBF}.Debug|Any CPU.Build.0 = Debug|Any CPU
		{F6C8EB86-BAC6-48EB-B4FF-146AAA24ECBF}.Release|Any CPU.ActiveCfg = Release|Any CPU
		{F6C8EB86-BAC6-48EB-B4FF-146AAA24ECBF}.Release|Any CPU.Build.0 = Release|Any CPU
		{4DA3340E-81EF-42AC-9A2C-D5AA0BDD0894}.Debug|Any CPU.ActiveCfg = Debug|Any CPU
		{4DA3340E-81EF-42AC-9A2C-D5AA0BDD0894}.Debug|Any CPU.Build.0 = Debug|Any CPU
		{4DA3340E-81EF-42AC-9A2C-D5AA0BDD0894}.Release|Any CPU.ActiveCfg = Release|Any CPU
		{4DA3340E-81EF-42AC-9A2C-D5AA0BDD0894}.Release|Any CPU.Build.0 = Release|Any CPU
	EndGlobalSection
	GlobalSection(SolutionProperties) = preSolution
		HideSolutionNode = FALSE
	EndGlobalSection
	GlobalSection(NestedProjects) = preSolution
		{0CA07601-B9F2-43FE-8AD3-3A26E455847D} = {3777D5E9-A8E9-40FB-9755-C2C3F232A445}
		{F6C8EB86-BAC6-48EB-B4FF-146AAA24ECBF} = {3777D5E9-A8E9-40FB-9755-C2C3F232A445}
		{4DA3340E-81EF-42AC-9A2C-D5AA0BDD0894} = {3777D5E9-A8E9-40FB-9755-C2C3F232A445}
	EndGlobalSection
	GlobalSection(ExtensibilityGlobals) = postSolution
		SolutionGuid = {57CA2D49-A193-4CB1-811A-30755A681767}
	EndGlobalSection
EndGlobal
